
Microsoft Visual Studio Solution File, Format Version 12.00
# Visual Studio 2013
VisualStudioVersion = 12.0.21005.1
MinimumVisualStudioVersion = 10.0.40219.1
Project("{8BC9CEB8-8B4A-11D0-8D11-00A0C91BC942}") = "Sort", "Sort.vcxproj", "{298B18C8-E131-4FE6-BF5E-0AF9FB15D8C5}"
EndProject
Global
	GlobalSection(SolutionConfigurationPlatforms) = preSolution
		Debug|Win32 = Debug|Win32
		Release|Win32 = Release|Win32
	EndGlobalSection
	GlobalSection(ProjectConfigurationPlatforms) = postSolution
		{298B18C8-E131-4FE6-BF5E-0AF9FB15D8C5}.Debug|Win32.ActiveCfg = Debug|Win32
		{298B18C8-E131-4FE6-BF5E-0AF9FB15D8C5}.Debug|Win32.Build.0 = Debug|Win32
		{298B18C8-E131-4FE6-BF5E-0AF9FB15D8C5}.Release|Win32.ActiveCfg = Release|Win32
		{298B18C8-E131-4FE6-BF5E-0AF9FB15D8C5}.Release|Win32.Build.0 = Release|Win32
	EndGlobalSection
	GlobalSection(SolutionProperties) = preSolution
		HideSolutionNode = FALSE
	EndGlobalSection
EndGlobal
